
Microsoft Visual Studio Solution File, Format Version 12.00
# Visual Studio 15
VisualStudioVersion = 15.0.27428.2015
MinimumVisualStudioVersion = 10.0.40219.1
Project("{FAE04EC0-301F-11D3-BF4B-00C04F79EFBC}") = "WindowsFormsApp1", "WindowsFormsApp1\WindowsFormsApp1.csproj", "{D6F5C99A-8902-448B-B86E-5C5309ED146A}"
EndProject
Global
	GlobalSection(SolutionConfigurationPlatforms) = preSolution
		Debug|Any CPU = Debug|Any CPU
		Release|Any CPU = Release|Any CPU
	EndGlobalSection
	GlobalSection(ProjectConfigurationPlatforms) = postSolution
		{D6F5C99A-8902-448B-B86E-5C5309ED146A}.Debug|Any CPU.ActiveCfg = Debug|Any CPU
		{D6F5C99A-8902-448B-B86E-5C5309ED146A}.Debug|Any CPU.Build.0 = Debug|Any CPU
		{D6F5C99A-8902-448B-B86E-5C5309ED146A}.Release|Any CPU.ActiveCfg = Release|Any CPU
		{D6F5C99A-8902-448B-B86E-5C5309ED146A}.Release|Any CPU.Build.0 = Release|Any CPU
	EndGlobalSection
	GlobalSection(SolutionProperties) = preSolution
		HideSolutionNode = FALSE
	EndGlobalSection
	GlobalSection(ExtensibilityGlobals) = postSolution
		SolutionGuid = {864871BF-8671-4296-B841-4C147BDE5649}
	EndGlobalSection
EndGlobal
